
Microsoft Visual Studio Solution File, Format Version 12.00
# Visual Studio 15
VisualStudioVersion = 15.0.27004.2009
MinimumVisualStudioVersion = 10.0.40219.1
Project("{FAE04EC0-301F-11D3-BF4B-00C04F79EFBC}") = "SimpleEncrypt", "SimpleEncrypt\SimpleEncrypt.csproj", "{4C32E91A-C894-4BD9-9665-74352ACC0F51}"
EndProject
Project("{262852C6-CD72-467D-83FE-5EEB1973A190}") = "SimpleEncryptUWP", "SimpleEncryptUWP\SimpleEncryptUWP.jsproj", "{BC5C0026-2EB0-4017-8362-B5B71F6B0F37}"
EndProject
Project("{8BC9CEB8-8B4A-11D0-8D11-00A0C91BC942}") = "MixedLibrary", "MixedLibrary\MixedLibrary.vcxproj", "{9D440E96-1ED3-4DEC-B723-347B665A3146}"
EndProject
Project("{8BC9CEB8-8B4A-11D0-8D11-00A0C91BC942}") = "cryptlib", "..\..\..\Downloads\cryptopp565\cryptlib.vcxproj", "{C39F4B46-6E89-4074-902E-CA57073044D2}"
EndProject
Global
	GlobalSection(SolutionConfigurationPlatforms) = preSolution
		Debug|Any CPU = Debug|Any CPU
		Debug|ARM = Debug|ARM
		Debug|x64 = Debug|x64
		Debug|x86 = Debug|x86
		DLL-Import Debug|Any CPU = DLL-Import Debug|Any CPU
		DLL-Import Debug|ARM = DLL-Import Debug|ARM
		DLL-Import Debug|x64 = DLL-Import Debug|x64
		DLL-Import Debug|x86 = DLL-Import Debug|x86
		DLL-Import Release|Any CPU = DLL-Import Release|Any CPU
		DLL-Import Release|ARM = DLL-Import Release|ARM
		DLL-Import Release|x64 = DLL-Import Release|x64
		DLL-Import Release|x86 = DLL-Import Release|x86
		Release|Any CPU = Release|Any CPU
		Release|ARM = Release|ARM
		Release|x64 = Release|x64
		Release|x86 = Release|x86
	EndGlobalSection
	GlobalSection(ProjectConfigurationPlatforms) = postSolution
		{4C32E91A-C894-4BD9-9665-74352ACC0F51}.Debug|Any CPU.ActiveCfg = Debug|Any CPU
		{4C32E91A-C894-4BD9-9665-74352ACC0F51}.Debug|Any CPU.Build.0 = Debug|Any CPU
		{4C32E91A-C894-4BD9-9665-74352ACC0F51}.Debug|ARM.ActiveCfg = Debug|Any CPU
		{4C32E91A-C894-4BD9-9665-74352ACC0F51}.Debug|ARM.Build.0 = Debug|Any CPU
		{4C32E91A-C894-4BD9-9665-74352ACC0F51}.Debug|x64.ActiveCfg = Debug|Any CPU
		{4C32E91A-C894-4BD9-9665-74352ACC0F51}.Debug|x64.Build.0 = Debug|Any CPU
		{4C32E91A-C894-4BD9-9665-74352ACC0F51}.Debug|x86.ActiveCfg = Debug|Any CPU
		{4C32E91A-C894-4BD9-9665-74352ACC0F51}.Debug|x86.Build.0 = Debug|Any CPU
		{4C32E91A-C894-4BD9-9665-74352ACC0F51}.DLL-Import Debug|Any CPU.ActiveCfg = Debug|Any CPU
		{4C32E91A-C894-4BD9-9665-74352ACC0F51}.DLL-Import Debug|Any CPU.Build.0 = Debug|Any CPU
		{4C32E91A-C894-4BD9-9665-74352ACC0F51}.DLL-Import Debug|ARM.ActiveCfg = Debug|Any CPU
		{4C32E91A-C894-4BD9-9665-74352ACC0F51}.DLL-Import Debug|ARM.Build.0 = Debug|Any CPU
		{4C32E91A-C894-4BD9-9665-74352ACC0F51}.DLL-Import Debug|x64.ActiveCfg = Debug|Any CPU
		{4C32E91A-C894-4BD9-9665-74352ACC0F51}.DLL-Import Debug|x64.Build.0 = Debug|Any CPU
		{4C32E91A-C894-4BD9-9665-74352ACC0F51}.DLL-Import Debug|x86.ActiveCfg = Debug|Any CPU
		{4C32E91A-C894-4BD9-9665-74352ACC0F51}.DLL-Import Debug|x86.Build.0 = Debug|Any CPU
		{4C32E91A-C894-4BD9-9665-74352ACC0F51}.DLL-Import Release|Any CPU.ActiveCfg = Release|Any CPU
		{4C32E91A-C894-4BD9-9665-74352ACC0F51}.DLL-Import Release|Any CPU.Build.0 = Release|Any CPU
		{4C32E91A-C894-4BD9-9665-74352ACC0F51}.DLL-Import Release|ARM.ActiveCfg = Release|Any CPU
		{4C32E91A-C894-4BD9-9665-74352ACC0F51}.DLL-Import Release|ARM.Build.0 = Release|Any CPU
		{4C32E91A-C894-4BD9-9665-74352ACC0F51}.DLL-Import Release|x64.ActiveCfg = Release|Any CPU
		{4C32E91A-C894-4BD9-9665-74352ACC0F51}.DLL-Import Release|x64.Build.0 = Release|Any CPU
		{4C32E91A-C894-4BD9-9665-74352ACC0F51}.DLL-Import Release|x86.ActiveCfg = Release|Any CPU
		{4C32E91A-C894-4BD9-9665-74352ACC0F51}.DLL-Import Release|x86.Build.0 = Release|Any CPU
		{4C32E91A-C894-4BD9-9665-74352ACC0F51}.Release|Any CPU.ActiveCfg = Release|Any CPU
		{4C32E91A-C894-4BD9-9665-74352ACC0F51}.Release|Any CPU.Build.0 = Release|Any CPU
		{4C32E91A-C894-4BD9-9665-74352ACC0F51}.Release|ARM.ActiveCfg = Release|Any CPU
		{4C32E91A-C894-4BD9-9665-74352ACC0F51}.Release|ARM.Build.0 = Release|Any CPU
		{4C32E91A-C894-4BD9-9665-74352ACC0F51}.Release|x64.ActiveCfg = Release|Any CPU
		{4C32E91A-C894-4BD9-9665-74352ACC0F51}.Release|x64.Build.0 = Release|Any CPU
		{4C32E91A-C894-4BD9-9665-74352ACC0F51}.Release|x86.ActiveCfg = Release|Any CPU
		{4C32E91A-C894-4BD9-9665-74352ACC0F51}.Release|x86.Build.0 = Release|Any CPU
		{BC5C0026-2EB0-4017-8362-B5B71F6B0F37}.Debug|Any CPU.ActiveCfg = Debug|Any CPU
		{BC5C0026-2EB0-4017-8362-B5B71F6B0F37}.Debug|Any CPU.Build.0 = Debug|Any CPU
		{BC5C0026-2EB0-4017-8362-B5B71F6B0F37}.Debug|Any CPU.Deploy.0 = Debug|Any CPU
		{BC5C0026-2EB0-4017-8362-B5B71F6B0F37}.Debug|ARM.ActiveCfg = Debug|ARM
		{BC5C0026-2EB0-4017-8362-B5B71F6B0F37}.Debug|ARM.Build.0 = Debug|ARM
		{BC5C0026-2EB0-4017-8362-B5B71F6B0F37}.Debug|ARM.Deploy.0 = Debug|ARM
		{BC5C0026-2EB0-4017-8362-B5B71F6B0F37}.Debug|x64.ActiveCfg = Debug|x64
		{BC5C0026-2EB0-4017-8362-B5B71F6B0F37}.Debug|x64.Build.0 = Debug|x64
		{BC5C0026-2EB0-4017-8362-B5B71F6B0F37}.Debug|x64.Deploy.0 = Debug|x64
		{BC5C0026-2EB0-4017-8362-B5B71F6B0F37}.Debug|x86.ActiveCfg = Debug|x86
		{BC5C0026-2EB0-4017-8362-B5B71F6B0F37}.Debug|x86.Build.0 = Debug|x86
		{BC5C0026-2EB0-4017-8362-B5B71F6B0F37}.Debug|x86.Deploy.0 = Debug|x86
		{BC5C0026-2EB0-4017-8362-B5B71F6B0F37}.DLL-Import Debug|Any CPU.ActiveCfg = Debug|Any CPU
		{BC5C0026-2EB0-4017-8362-B5B71F6B0F37}.DLL-Import Debug|ARM.ActiveCfg = Debug|ARM
		{BC5C0026-2EB0-4017-8362-B5B71F6B0F37}.DLL-Import Debug|x64.ActiveCfg = Debug|x64
		{BC5C0026-2EB0-4017-8362-B5B71F6B0F37}.DLL-Import Debug|x86.ActiveCfg = Debug|x86
		{BC5C0026-2EB0-4017-8362-B5B71F6B0F37}.DLL-Import Release|Any CPU.ActiveCfg = Release|Any CPU
		{BC5C0026-2EB0-4017-8362-B5B71F6B0F37}.DLL-Import Release|ARM.ActiveCfg = Release|ARM
		{BC5C0026-2EB0-4017-8362-B5B71F6B0F37}.DLL-Import Release|x64.ActiveCfg = Release|x64
		{BC5C0026-2EB0-4017-8362-B5B71F6B0F37}.DLL-Import Release|x86.ActiveCfg = Release|x86
		{BC5C0026-2EB0-4017-8362-B5B71F6B0F37}.Release|Any CPU.ActiveCfg = Release|Any CPU
		{BC5C0026-2EB0-4017-8362-B5B71F6B0F37}.Release|Any CPU.Build.0 = Release|Any CPU
		{BC5C0026-2EB0-4017-8362-B5B71F6B0F37}.Release|Any CPU.Deploy.0 = Release|Any CPU
		{BC5C0026-2EB0-4017-8362-B5B71F6B0F37}.Release|ARM.ActiveCfg = Release|ARM
		{BC5C0026-2EB0-4017-8362-B5B71F6B0F37}.Release|ARM.Build.0 = Release|ARM
		{BC5C0026-2EB0-4017-8362-B5B71F6B0F37}.Release|ARM.Deploy.0 = Release|ARM
		{BC5C0026-2EB0-4017-8362-B5B71F6B0F37}.Release|x64.ActiveCfg = Release|x64
		{BC5C0026-2EB0-4017-8362-B5B71F6B0F37}.Release|x64.Build.0 = Release|x64
		{BC5C0026-2EB0-4017-8362-B5B71F6B0F37}.Release|x64.Deploy.0 = Release|x64
		{BC5C0026-2EB0-4017-8362-B5B71F6B0F37}.Release|x86.ActiveCfg = Release|x86
		{BC5C0026-2EB0-4017-8362-B5B71F6B0F37}.Release|x86.Build.0 = Release|x86
		{BC5C0026-2EB0-4017-8362-B5B71F6B0F37}.Release|x86.Deploy.0 = Release|x86
		{9D440E96-1ED3-4DEC-B723-347B665A3146}.Debug|Any CPU.ActiveCfg = Debug|Win32
		{9D440E96-1ED3-4DEC-B723-347B665A3146}.Debug|ARM.ActiveCfg = Debug|Win32
		{9D440E96-1ED3-4DEC-B723-347B665A3146}.Debug|x64.ActiveCfg = Debug|x64
		{9D440E96-1ED3-4DEC-B723-347B665A3146}.Debug|x64.Build.0 = Debug|x64
		{9D440E96-1ED3-4DEC-B723-347B665A3146}.Debug|x86.ActiveCfg = Debug|Win32
		{9D440E96-1ED3-4DEC-B723-347B665A3146}.Debug|x86.Build.0 = Debug|Win32
		{9D440E96-1ED3-4DEC-B723-347B665A3146}.DLL-Import Debug|Any CPU.ActiveCfg = Release|x64
		{9D440E96-1ED3-4DEC-B723-347B665A3146}.DLL-Import Debug|Any CPU.Build.0 = Release|x64
		{9D440E96-1ED3-4DEC-B723-347B665A3146}.DLL-Import Debug|ARM.ActiveCfg = Release|x64
		{9D440E96-1ED3-4DEC-B723-347B665A3146}.DLL-Import Debug|ARM.Build.0 = Release|x64
		{9D440E96-1ED3-4DEC-B723-347B665A3146}.DLL-Import Debug|x64.ActiveCfg = Debug|x64
		{9D440E96-1ED3-4DEC-B723-347B665A3146}.DLL-Import Debug|x64.Build.0 = Debug|x64
		{9D440E96-1ED3-4DEC-B723-347B665A3146}.DLL-Import Debug|x86.ActiveCfg = Debug|Win32
		{9D440E96-1ED3-4DEC-B723-347B665A3146}.DLL-Import Debug|x86.Build.0 = Debug|Win32
		{9D440E96-1ED3-4DEC-B723-347B665A3146}.DLL-Import Release|Any CPU.ActiveCfg = Release|x64
		{9D440E96-1ED3-4DEC-B723-347B665A3146}.DLL-Import Release|Any CPU.Build.0 = Release|x64
		{9D440E96-1ED3-4DEC-B723-347B665A3146}.DLL-Import Release|ARM.ActiveCfg = Release|x64
		{9D440E96-1ED3-4DEC-B723-347B665A3146}.DLL-Import Release|ARM.Build.0 = Release|x64
		{9D440E96-1ED3-4DEC-B723-347B665A3146}.DLL-Import Release|x64.ActiveCfg = Release|x64
		{9D440E96-1ED3-4DEC-B723-347B665A3146}.DLL-Import Release|x64.Build.0 = Release|x64
		{9D440E96-1ED3-4DEC-B723-347B665A3146}.DLL-Import Release|x86.ActiveCfg = Release|Win32
		{9D440E96-1ED3-4DEC-B723-347B665A3146}.DLL-Import Release|x86.Build.0 = Release|Win32
		{9D440E96-1ED3-4DEC-B723-347B665A3146}.Release|Any CPU.ActiveCfg = Release|Win32
		{9D440E96-1ED3-4DEC-B723-347B665A3146}.Release|ARM.ActiveCfg = Release|Win32
		{9D440E96-1ED3-4DEC-B723-347B665A3146}.Release|x64.ActiveCfg = Release|x64
		{9D440E96-1ED3-4DEC-B723-347B665A3146}.Release|x64.Build.0 = Release|x64
		{9D440E96-1ED3-4DEC-B723-347B665A3146}.Release|x86.ActiveCfg = Release|Win32
		{9D440E96-1ED3-4DEC-B723-347B665A3146}.Release|x86.Build.0 = Release|Win32
		{C39F4B46-6E89-4074-902E-CA57073044D2}.Debug|Any CPU.ActiveCfg = Debug|Win32
		{C39F4B46-6E89-4074-902E-CA57073044D2}.Debug|ARM.ActiveCfg = Debug|Win32
		{C39F4B46-6E89-4074-902E-CA57073044D2}.Debug|x64.ActiveCfg = Debug|x64
		{C39F4B46-6E89-4074-902E-CA57073044D2}.Debug|x64.Build.0 = Debug|x64
		{C39F4B46-6E89-4074-902E-CA57073044D2}.Debug|x86.ActiveCfg = Debug|Win32
		{C39F4B46-6E89-4074-902E-CA57073044D2}.Debug|x86.Build.0 = Debug|Win32
		{C39F4B46-6E89-4074-902E-CA57073044D2}.DLL-Import Debug|Any CPU.ActiveCfg = DLL-Import Debug|Win32
		{C39F4B46-6E89-4074-902E-CA57073044D2}.DLL-Import Debug|ARM.ActiveCfg = DLL-Import Debug|Win32
		{C39F4B46-6E89-4074-902E-CA57073044D2}.DLL-Import Debug|x64.ActiveCfg = DLL-Import Debug|x64
		{C39F4B46-6E89-4074-902E-CA57073044D2}.DLL-Import Debug|x64.Build.0 = DLL-Import Debug|x64
		{C39F4B46-6E89-4074-902E-CA57073044D2}.DLL-Import Debug|x86.ActiveCfg = DLL-Import Debug|Win32
		{C39F4B46-6E89-4074-902E-CA57073044D2}.DLL-Import Debug|x86.Build.0 = DLL-Import Debug|Win32
		{C39F4B46-6E89-4074-902E-CA57073044D2}.DLL-Import Release|Any CPU.ActiveCfg = DLL-Import Release|Win32
		{C39F4B46-6E89-4074-902E-CA57073044D2}.DLL-Import Release|ARM.ActiveCfg = DLL-Import Release|Win32
		{C39F4B46-6E89-4074-902E-CA57073044D2}.DLL-Import Release|x64.ActiveCfg = DLL-Import Release|x64
		{C39F4B46-6E89-4074-902E-CA57073044D2}.DLL-Import Release|x64.Build.0 = DLL-Import Release|x64
		{C39F4B46-6E89-4074-902E-CA57073044D2}.DLL-Import Release|x86.ActiveCfg = DLL-Import Release|Win32
		{C39F4B46-6E89-4074-902E-CA57073044D2}.DLL-Import Release|x86.Build.0 = DLL-Import Release|Win32
		{C39F4B46-6E89-4074-902E-CA57073044D2}.Release|Any CPU.ActiveCfg = Release|Win32
		{C39F4B46-6E89-4074-902E-CA57073044D2}.Release|ARM.ActiveCfg = Release|Win32
		{C39F4B46-6E89-4074-902E-CA57073044D2}.Release|x64.ActiveCfg = Release|x64
		{C39F4B46-6E89-4074-902E-CA57073044D2}.Release|x64.Build.0 = Release|x64
		{C39F4B46-6E89-4074-902E-CA57073044D2}.Release|x86.ActiveCfg = Release|Win32
		{C39F4B46-6E89-4074-902E-CA57073044D2}.Release|x86.Build.0 = Release|Win32
	EndGlobalSection
	GlobalSection(SolutionProperties) = preSolution
		HideSolutionNode = FALSE
	EndGlobalSection
	GlobalSection(ExtensibilityGlobals) = postSolution
		SolutionGuid = {7B1E63CF-B801-4502-8B25-57086216300D}
	EndGlobalSection
EndGlobal
